
Microsoft Visual Studio Solution File, Format Version 12.00
# Visual Studio 2013
VisualStudioVersion = 12.0.31101.0
MinimumVisualStudioVersion = 10.0.40219.1
Project("{FAE04EC0-301F-11D3-BF4B-00C04F79EFBC}") = "EP_GUI", "EP_GUI\EP_GUI.csproj", "{A9F30F8E-4EE7-4437-9A4F-FC4D4CCB3097}"
EndProject
Global
	GlobalSection(TeamFoundationVersionControl) = preSolution
		SccNumberOfProjects = 2
		SccEnterpriseProvider = {4CA58AB2-18FA-4F8D-95D4-32DDF27D184C}
		SccTeamFoundationServer = https://adriank96.visualstudio.com/defaultcollection
		SccProjectUniqueName0 = EP_GUI\\EP_GUI.csproj
		SccProjectName0 = ../../EP_GUI/EP_GUI
		SccLocalPath0 = EP_GUI
		SccLocalPath1 = .
	EndGlobalSection
	GlobalSection(SolutionConfigurationPlatforms) = preSolution
		Debug|Any CPU = Debug|Any CPU
		Release|Any CPU = Release|Any CPU
	EndGlobalSection
	GlobalSection(ProjectConfigurationPlatforms) = postSolution
		{A9F30F8E-4EE7-4437-9A4F-FC4D4CCB3097}.Debug|Any CPU.ActiveCfg = Debug|Any CPU
		{A9F30F8E-4EE7-4437-9A4F-FC4D4CCB3097}.Debug|Any CPU.Build.0 = Debug|Any CPU
		{A9F30F8E-4EE7-4437-9A4F-FC4D4CCB3097}.Release|Any CPU.ActiveCfg = Release|Any CPU
		{A9F30F8E-4EE7-4437-9A4F-FC4D4CCB3097}.Release|Any CPU.Build.0 = Release|Any CPU
	EndGlobalSection
	GlobalSection(SolutionProperties) = preSolution
		HideSolutionNode = FALSE
	EndGlobalSection
EndGlobal
